// !$*UTF8*$!
{
	archiveVersion = 1;
	classes = {
	};
	objectVersion = 55;
	objects = {

/* Begin PBXBuildFile section */
		C2002D702821B37E00810642 /* SignUpViewController.swift in Sources */ = {isa = PBXBuildFile; fileRef = C2002D6F2821B37E00810642 /* SignUpViewController.swift */; };
		C23CF6C428204CD500BE09BF /* ForgotPasswordViewController.swift in Sources */ = {isa = PBXBuildFile; fileRef = C23CF6C328204CD500BE09BF /* ForgotPasswordViewController.swift */; };
		C23CF6C62820618C00BE09BF /* AllFeaturedProductsViewController.swift in Sources */ = {isa = PBXBuildFile; fileRef = C23CF6C52820618C00BE09BF /* AllFeaturedProductsViewController.swift */; };
		C23CF6C8282077E100BE09BF /* ProductDetailViewController.swift in Sources */ = {isa = PBXBuildFile; fileRef = C23CF6C7282077E100BE09BF /* ProductDetailViewController.swift */; };
		C281A8DE281FC41500F712A9 /* ProductCollectionViewCell.swift in Sources */ = {isa = PBXBuildFile; fileRef = C281A8DD281FC41500F712A9 /* ProductCollectionViewCell.swift */; };
		C281A8E1281FD89A00F712A9 /* FeaturedProduct.swift in Sources */ = {isa = PBXBuildFile; fileRef = C281A8E0281FD89A00F712A9 /* FeaturedProduct.swift */; };
		C298B691281F09C800305846 /* LoginViewController.swift in Sources */ = {isa = PBXBuildFile; fileRef = C298B68F281F09C800305846 /* LoginViewController.swift */; };
		C298B692281F09C800305846 /* LoginViewController.xib in Resources */ = {isa = PBXBuildFile; fileRef = C298B690281F09C800305846 /* LoginViewController.xib */; };
		C298B695281F37C700305846 /* HomeTabViewController.swift in Sources */ = {isa = PBXBuildFile; fileRef = C298B693281F37C700305846 /* HomeTabViewController.swift */; };
		C298B696281F37C700305846 /* HomeTabViewController.xib in Resources */ = {isa = PBXBuildFile; fileRef = C298B694281F37C700305846 /* HomeTabViewController.xib */; };
		C298B699281F39FC00305846 /* MainTabBarController.swift in Sources */ = {isa = PBXBuildFile; fileRef = C298B697281F39FC00305846 /* MainTabBarController.swift */; };
		C298B69A281F39FC00305846 /* MainTabBarController.xib in Resources */ = {isa = PBXBuildFile; fileRef = C298B698281F39FC00305846 /* MainTabBarController.xib */; };
		C298FF482821654C00236682 /* AboutUsViewController.swift in Sources */ = {isa = PBXBuildFile; fileRef = C298FF472821654C00236682 /* AboutUsViewController.swift */; };
		C2B21D24281D8C8D00470BE5 /* AppDelegate.swift in Sources */ = {isa = PBXBuildFile; fileRef = C2B21D23281D8C8D00470BE5 /* AppDelegate.swift */; };
		C2B21D26281D8C8D00470BE5 /* SceneDelegate.swift in Sources */ = {isa = PBXBuildFile; fileRef = C2B21D25281D8C8D00470BE5 /* SceneDelegate.swift */; };
		C2B21D28281D8C8D00470BE5 /* ViewController.swift in Sources */ = {isa = PBXBuildFile; fileRef = C2B21D27281D8C8D00470BE5 /* ViewController.swift */; };
		C2B21D2B281D8C8D00470BE5 /* Main.storyboard in Resources */ = {isa = PBXBuildFile; fileRef = C2B21D29281D8C8D00470BE5 /* Main.storyboard */; };
		C2B21D2D281D8C8F00470BE5 /* Assets.xcassets in Resources */ = {isa = PBXBuildFile; fileRef = C2B21D2C281D8C8F00470BE5 /* Assets.xcassets */; };
		C2B21D30281D8C8F00470BE5 /* LaunchScreen.storyboard in Resources */ = {isa = PBXBuildFile; fileRef = C2B21D2E281D8C8F00470BE5 /* LaunchScreen.storyboard */; };
		C2B21D3B281D8C9000470BE5 /* it17006408Tests.swift in Sources */ = {isa = PBXBuildFile; fileRef = C2B21D3A281D8C9000470BE5 /* it17006408Tests.swift */; };
		C2B21D45281D8C9000470BE5 /* it17006408UITests.swift in Sources */ = {isa = PBXBuildFile; fileRef = C2B21D44281D8C9000470BE5 /* it17006408UITests.swift */; };
		C2B21D47281D8C9000470BE5 /* it17006408UITestsLaunchTests.swift in Sources */ = {isa = PBXBuildFile; fileRef = C2B21D46281D8C9000470BE5 /* it17006408UITestsLaunchTests.swift */; };
/* End PBXBuildFile section */

/* Begin PBXContainerItemProxy section */
		C2B21D37281D8C8F00470BE5 /* PBXContainerItemProxy */ = {
			isa = PBXContainerItemProxy;
			containerPortal = C2B21D18281D8C8D00470BE5 /* Project object */;
			proxyType = 1;
			remoteGlobalIDString = C2B21D1F281D8C8D00470BE5;
			remoteInfo = it17006408;
		};
		C2B21D41281D8C9000470BE5 /* PBXContainerItemProxy */ = {
			isa = PBXContainerItemProxy;
			containerPortal = C2B21D18281D8C8D00470BE5 /* Project object */;
			proxyType = 1;
			remoteGlobalIDString = C2B21D1F281D8C8D00470BE5;
			remoteInfo = it17006408;
		};
/* End PBXContainerItemProxy section */

/* Begin PBXFileReference section */
		C2002D6F2821B37E00810642 /* SignUpViewController.swift */ = {isa = PBXFileReference; lastKnownFileType = sourcecode.swift; path = SignUpViewController.swift; sourceTree = "<group>"; };
		C23CF6C328204CD500BE09BF /* ForgotPasswordViewController.swift */ = {isa = PBXFileReference; lastKnownFileType = sourcecode.swift; path = ForgotPasswordViewController.swift; sourceTree = "<group>"; };
		C23CF6C52820618C00BE09BF /* AllFeaturedProductsViewController.swift */ = {isa = PBXFileReference; lastKnownFileType = sourcecode.swift; path = AllFeaturedProductsViewController.swift; sourceTree = "<group>"; };
		C23CF6C7282077E100BE09BF /* ProductDetailViewController.swift */ = {isa = PBXFileReference; lastKnownFileType = sourcecode.swift; path = ProductDetailViewController.swift; sourceTree = "<group>"; };
		C281A8DD281FC41500F712A9 /* ProductCollectionViewCell.swift */ = {isa = PBXFileReference; lastKnownFileType = sourcecode.swift; path = ProductCollectionViewCell.swift; sourceTree = "<group>"; };
		C281A8E0281FD89A00F712A9 /* FeaturedProduct.swift */ = {isa = PBXFileReference; lastKnownFileType = sourcecode.swift; path = FeaturedProduct.swift; sourceTree = "<group>"; };
		C298B68F281F09C800305846 /* LoginViewController.swift */ = {isa = PBXFileReference; lastKnownFileType = sourcecode.swift; path = LoginViewController.swift; sourceTree = "<group>"; };
		C298B690281F09C800305846 /* LoginViewController.xib */ = {isa = PBXFileReference; lastKnownFileType = file.xib; path = LoginViewController.xib; sourceTree = "<group>"; };
		C298B693281F37C700305846 /* HomeTabViewController.swift */ = {isa = PBXFileReference; lastKnownFileType = sourcecode.swift; path = HomeTabViewController.swift; sourceTree = "<group>"; };
		C298B694281F37C700305846 /* HomeTabViewController.xib */ = {isa = PBXFileReference; lastKnownFileType = file.xib; path = HomeTabViewController.xib; sourceTree = "<group>"; };
		C298B697281F39FC00305846 /* MainTabBarController.swift */ = {isa = PBXFileReference; lastKnownFileType = sourcecode.swift; path = MainTabBarController.swift; sourceTree = "<group>"; };
		C298B698281F39FC00305846 /* MainTabBarController.xib */ = {isa = PBXFileReference; lastKnownFileType = file.xib; path = MainTabBarController.xib; sourceTree = "<group>"; };
		C298FF472821654C00236682 /* AboutUsViewController.swift */ = {isa = PBXFileReference; lastKnownFileType = sourcecode.swift; path = AboutUsViewController.swift; sourceTree = "<group>"; };
		C2B21D20281D8C8D00470BE5 /* it17006408.app */ = {isa = PBXFileReference; explicitFileType = wrapper.application; includeInIndex = 0; path = it17006408.app; sourceTree = BUILT_PRODUCTS_DIR; };
		C2B21D23281D8C8D00470BE5 /* AppDelegate.swift */ = {isa = PBXFileReference; lastKnownFileType = sourcecode.swift; path = AppDelegate.swift; sourceTree = "<group>"; };
		C2B21D25281D8C8D00470BE5 /* SceneDelegate.swift */ = {isa = PBXFileReference; lastKnownFileType = sourcecode.swift; path = SceneDelegate.swift; sourceTree = "<group>"; };
		C2B21D27281D8C8D00470BE5 /* ViewController.swift */ = {isa = PBXFileReference; lastKnownFileType = sourcecode.swift; path = ViewController.swift; sourceTree = "<group>"; };
		C2B21D2A281D8C8D00470BE5 /* Base */ = {isa = PBXFileReference; lastKnownFileType = file.storyboard; name = Base; path = Base.lproj/Main.storyboard; sourceTree = "<group>"; };
		C2B21D2C281D8C8F00470BE5 /* Assets.xcassets */ = {isa = PBXFileReference; lastKnownFileType = folder.assetcatalog; path = Assets.xcassets; sourceTree = "<group>"; };
		C2B21D2F281D8C8F00470BE5 /* Base */ = {isa = PBXFileReference; lastKnownFileType = file.storyboard; name = Base; path = Base.lproj/LaunchScreen.storyboard; sourceTree = "<group>"; };
		C2B21D31281D8C8F00470BE5 /* Info.plist */ = {isa = PBXFileReference; lastKnownFileType = text.plist.xml; path = Info.plist; sourceTree = "<group>"; };
		C2B21D36281D8C8F00470BE5 /* it17006408Tests.xctest */ = {isa = PBXFileReference; explicitFileType = wrapper.cfbundle; includeInIndex = 0; path = it17006408Tests.xctest; sourceTree = BUILT_PRODUCTS_DIR; };
		C2B21D3A281D8C9000470BE5 /* it17006408Tests.swift */ = {isa = PBXFileReference; lastKnownFileType = sourcecode.swift; path = it17006408Tests.swift; sourceTree = "<group>"; };
		C2B21D40281D8C9000470BE5 /* it17006408UITests.xctest */ = {isa = PBXFileReference; explicitFileType = wrapper.cfbundle; includeInIndex = 0; path = it17006408UITests.xctest; sourceTree = BUILT_PRODUCTS_DIR; };
		C2B21D44281D8C9000470BE5 /* it17006408UITests.swift */ = {isa = PBXFileReference; lastKnownFileType = sourcecode.swift; path = it17006408UITests.swift; sourceTree = "<group>"; };
		C2B21D46281D8C9000470BE5 /* it17006408UITestsLaunchTests.swift */ = {isa = PBXFileReference; lastKnownFileType = sourcecode.swift; path = it17006408UITestsLaunchTests.swift; sourceTree = "<group>"; };
/* End PBXFileReference section */

/* Begin PBXFrameworksBuildPhase section */
		C2B21D1D281D8C8D00470BE5 /* Frameworks */ = {
			isa = PBXFrameworksBuildPhase;
			buildActionMask = 2147483647;
			files = (
			);
			runOnlyForDeploymentPostprocessing = 0;
		};
		C2B21D33281D8C8F00470BE5 /* Frameworks */ = {
			isa = PBXFrameworksBuildPhase;
			buildActionMask = 2147483647;
			files = (
			);
			runOnlyForDeploymentPostprocessing = 0;
		};
		C2B21D3D281D8C9000470BE5 /* Frameworks */ = {
			isa = PBXFrameworksBuildPhase;
			buildActionMask = 2147483647;
			files = (
			);
			runOnlyForDeploymentPostprocessing = 0;
		};
/* End PBXFrameworksBuildPhase section */

/* Begin PBXGroup section */
		C281A8DA281FC03200F712A9 /* View */ = {
			isa = PBXGroup;
			children = (
			);
			path = View;
			sourceTree = "<group>";
		};
		C281A8DF281FD86400F712A9 /* Model */ = {
			isa = PBXGroup;
			children = (
				C281A8E0281FD89A00F712A9 /* FeaturedProduct.swift */,
			);
			path = Model;
			sourceTree = "<group>";
		};
		C298B688281EE6AA00305846 /* Controller */ = {
			isa = PBXGroup;
			children = (
				C298B68F281F09C800305846 /* LoginViewController.swift */,
				C298B690281F09C800305846 /* LoginViewController.xib */,
				C298B693281F37C700305846 /* HomeTabViewController.swift */,
				C298B694281F37C700305846 /* HomeTabViewController.xib */,
				C298B697281F39FC00305846 /* MainTabBarController.swift */,
				C298B698281F39FC00305846 /* MainTabBarController.xib */,
				C281A8DD281FC41500F712A9 /* ProductCollectionViewCell.swift */,
				C23CF6C328204CD500BE09BF /* ForgotPasswordViewController.swift */,
				C23CF6C52820618C00BE09BF /* AllFeaturedProductsViewController.swift */,
				C23CF6C7282077E100BE09BF /* ProductDetailViewController.swift */,
				C298FF472821654C00236682 /* AboutUsViewController.swift */,
				C2002D6F2821B37E00810642 /* SignUpViewController.swift */,
			);
			path = Controller;
			sourceTree = "<group>";
		};
		C2B21D17281D8C8D00470BE5 = {
			isa = PBXGroup;
			children = (
				C2B21D22281D8C8D00470BE5 /* it17006408 */,
				C2B21D39281D8C8F00470BE5 /* it17006408Tests */,
				C2B21D43281D8C9000470BE5 /* it17006408UITests */,
				C2B21D21281D8C8D00470BE5 /* Products */,
			);
			sourceTree = "<group>";
		};
		C2B21D21281D8C8D00470BE5 /* Products */ = {
			isa = PBXGroup;
			children = (
				C2B21D20281D8C8D00470BE5 /* it17006408.app */,
				C2B21D36281D8C8F00470BE5 /* it17006408Tests.xctest */,
				C2B21D40281D8C9000470BE5 /* it17006408UITests.xctest */,
			);
			name = Products;
			sourceTree = "<group>";
		};
		C2B21D22281D8C8D00470BE5 /* it17006408 */ = {
			isa = PBXGroup;
			children = (
				C281A8DF281FD86400F712A9 /* Model */,
				C281A8DA281FC03200F712A9 /* View */,
				C298B688281EE6AA00305846 /* Controller */,
				C2B21D23281D8C8D00470BE5 /* AppDelegate.swift */,
				C2B21D25281D8C8D00470BE5 /* SceneDelegate.swift */,
				C2B21D27281D8C8D00470BE5 /* ViewController.swift */,
				C2B21D29281D8C8D00470BE5 /* Main.storyboard */,
				C2B21D2C281D8C8F00470BE5 /* Assets.xcassets */,
				C2B21D2E281D8C8F00470BE5 /* LaunchScreen.storyboard */,
				C2B21D31281D8C8F00470BE5 /* Info.plist */,
			);
			path = it17006408;
			sourceTree = "<group>";
		};
		C2B21D39281D8C8F00470BE5 /* it17006408Tests */ = {
			isa = PBXGroup;
			children = (
				C2B21D3A281D8C9000470BE5 /* it17006408Tests.swift */,
			);
			path = it17006408Tests;
			sourceTree = "<group>";
		};
		C2B21D43281D8C9000470BE5 /* it17006408UITests */ = {
			isa = PBXGroup;
			children = (
				C2B21D44281D8C9000470BE5 /* it17006408UITests.swift */,
				C2B21D46281D8C9000470BE5 /* it17006408UITestsLaunchTests.swift */,
			);
			path = it17006408UITests;
			sourceTree = "<group>";
		};
/* End PBXGroup section */

/* Begin PBXNativeTarget section */
		C2B21D1F281D8C8D00470BE5 /* it17006408 */ = {
			isa = PBXNativeTarget;
			buildConfigurationList = C2B21D4A281D8C9000470BE5 /* Build configuration list for PBXNativeTarget "it17006408" */;
			buildPhases = (
				C2B21D1C281D8C8D00470BE5 /* Sources */,
				C2B21D1D281D8C8D00470BE5 /* Frameworks */,
				C2B21D1E281D8C8D00470BE5 /* Resources */,
			);
			buildRules = (
			);
			dependencies = (
			);
			name = it17006408;
			productName = it17006408;
			productReference = C2B21D20281D8C8D00470BE5 /* it17006408.app */;
			productType = "com.apple.product-type.application";
		};
		C2B21D35281D8C8F00470BE5 /* it17006408Tests */ = {
			isa = PBXNativeTarget;
			buildConfigurationList = C2B21D4D281D8C9000470BE5 /* Build configuration list for PBXNativeTarget "it17006408Tests" */;
			buildPhases = (
				C2B21D32281D8C8F00470BE5 /* Sources */,
				C2B21D33281D8C8F00470BE5 /* Frameworks */,
				C2B21D34281D8C8F00470BE5 /* Resources */,
			);
			buildRules = (
			);
			dependencies = (
				C2B21D38281D8C8F00470BE5 /* PBXTargetDependency */,
			);
			name = it17006408Tests;
			productName = it17006408Tests;
			productReference = C2B21D36281D8C8F00470BE5 /* it17006408Tests.xctest */;
			productType = "com.apple.product-type.bundle.unit-test";
		};
		C2B21D3F281D8C9000470BE5 /* it17006408UITests */ = {
			isa = PBXNativeTarget;
			buildConfigurationList = C2B21D50281D8C9000470BE5 /* Build configuration list for PBXNativeTarget "it17006408UITests" */;
			buildPhases = (
				C2B21D3C281D8C9000470BE5 /* Sources */,
				C2B21D3D281D8C9000470BE5 /* Frameworks */,
				C2B21D3E281D8C9000470BE5 /* Resources */,
			);
			buildRules = (
			);
			dependencies = (
				C2B21D42281D8C9000470BE5 /* PBXTargetDependency */,
			);
			name = it17006408UITests;
			productName = it17006408UITests;
			productReference = C2B21D40281D8C9000470BE5 /* it17006408UITests.xctest */;
			productType = "com.apple.product-type.bundle.ui-testing";
		};
/* End PBXNativeTarget section */

/* Begin PBXProject section */
		C2B21D18281D8C8D00470BE5 /* Project object */ = {
			isa = PBXProject;
			attributes = {
				BuildIndependentTargetsInParallel = 1;
				LastSwiftUpdateCheck = 1330;
				LastUpgradeCheck = 1330;
				TargetAttributes = {
					C2B21D1F281D8C8D00470BE5 = {
						CreatedOnToolsVersion = 13.3;
					};
					C2B21D35281D8C8F00470BE5 = {
						CreatedOnToolsVersion = 13.3;
						TestTargetID = C2B21D1F281D8C8D00470BE5;
					};
					C2B21D3F281D8C9000470BE5 = {
						CreatedOnToolsVersion = 13.3;
						TestTargetID = C2B21D1F281D8C8D00470BE5;
					};
				};
			};
			buildConfigurationList = C2B21D1B281D8C8D00470BE5 /* Build configuration list for PBXProject "it17006408" */;
			compatibilityVersion = "Xcode 13.0";
			developmentRegion = en;
			hasScannedForEncodings = 0;
			knownRegions = (
				en,
				Base,
			);
			mainGroup = C2B21D17281D8C8D00470BE5;
			productRefGroup = C2B21D21281D8C8D00470BE5 /* Products */;
			projectDirPath = "";
			projectRoot = "";
			targets = (
				C2B21D1F281D8C8D00470BE5 /* it17006408 */,
				C2B21D35281D8C8F00470BE5 /* it17006408Tests */,
				C2B21D3F281D8C9000470BE5 /* it17006408UITests */,
			);
		};
/* End PBXProject section */

/* Begin PBXResourcesBuildPhase section */
		C2B21D1E281D8C8D00470BE5 /* Resources */ = {
			isa = PBXResourcesBuildPhase;
			buildActionMask = 2147483647;
			files = (
				C298B69A281F39FC00305846 /* MainTabBarController.xib in Resources */,
				C298B692281F09C800305846 /* LoginViewController.xib in Resources */,
				C2B21D30281D8C8F00470BE5 /* LaunchScreen.storyboard in Resources */,
				C298B696281F37C700305846 /* HomeTabViewController.xib in Resources */,
				C2B21D2D281D8C8F00470BE5 /* Assets.xcassets in Resources */,
				C2B21D2B281D8C8D00470BE5 /* Main.storyboard in Resources */,
			);
			runOnlyForDeploymentPostprocessing = 0;
		};
		C2B21D34281D8C8F00470BE5 /* Resources */ = {
			isa = PBXResourcesBuildPhase;
			buildActionMask = 2147483647;
			files = (
			);
			runOnlyForDeploymentPostprocessing = 0;
		};
		C2B21D3E281D8C9000470BE5 /* Resources */ = {
			isa = PBXResourcesBuildPhase;
			buildActionMask = 2147483647;
			files = (
			);
			runOnlyForDeploymentPostprocessing = 0;
		};
/* End PBXResourcesBuildPhase section */

/* Begin PBXSourcesBuildPhase section */
		C2B21D1C281D8C8D00470BE5 /* Sources */ = {
			isa = PBXSourcesBuildPhase;
			buildActionMask = 2147483647;
			files = (
				C2B21D28281D8C8D00470BE5 /* ViewController.swift in Sources */,
				C281A8E1281FD89A00F712A9 /* FeaturedProduct.swift in Sources */,
				C2B21D24281D8C8D00470BE5 /* AppDelegate.swift in Sources */,
				C281A8DE281FC41500F712A9 /* ProductCollectionViewCell.swift in Sources */,
				C298FF482821654C00236682 /* AboutUsViewController.swift in Sources */,
				C298B699281F39FC00305846 /* MainTabBarController.swift in Sources */,
				C23CF6C428204CD500BE09BF /* ForgotPasswordViewController.swift in Sources */,
				C298B691281F09C800305846 /* LoginViewController.swift in Sources */,
				C23CF6C8282077E100BE09BF /* ProductDetailViewController.swift in Sources */,
				C2B21D26281D8C8D00470BE5 /* SceneDelegate.swift in Sources */,
				C23CF6C62820618C00BE09BF /* AllFeaturedProductsViewController.swift in Sources */,
				C2002D702821B37E00810642 /* SignUpViewController.swift in Sources */,
				C298B695281F37C700305846 /* HomeTabViewController.swift in Sources */,
			);
			runOnlyForDeploymentPostprocessing = 0;
		};
		C2B21D32281D8C8F00470BE5 /* Sources */ = {
			isa = PBXSourcesBuildPhase;
			buildActionMask = 2147483647;
			files = (
				C2B21D3B281D8C9000470BE5 /* it17006408Tests.swift in Sources */,
			);
			runOnlyForDeploymentPostprocessing = 0;
		};
		C2B21D3C281D8C9000470BE5 /* Sources */ = {
			isa = PBXSourcesBuildPhase;
			buildActionMask = 2147483647;
			files = (
				C2B21D45281D8C9000470BE5 /* it17006408UITests.swift in Sources */,
				C2B21D47281D8C9000470BE5 /* it17006408UITestsLaunchTests.swift in Sources */,
			);
			runOnlyForDeploymentPostprocessing = 0;
		};
/* End PBXSourcesBuildPhase section */

/* Begin PBXTargetDependency section */
		C2B21D38281D8C8F00470BE5 /* PBXTargetDependency */ = {
			isa = PBXTargetDependency;
			target = C2B21D1F281D8C8D00470BE5 /* it17006408 */;
			targetProxy = C2B21D37281D8C8F00470BE5 /* PBXContainerItemProxy */;
		};
		C2B21D42281D8C9000470BE5 /* PBXTargetDependency */ = {
			isa = PBXTargetDependency;
			target = C2B21D1F281D8C8D00470BE5 /* it17006408 */;
			targetProxy = C2B21D41281D8C9000470BE5 /* PBXContainerItemProxy */;
		};
/* End PBXTargetDependency section */

/* Begin PBXVariantGroup section */
		C2B21D29281D8C8D00470BE5 /* Main.storyboard */ = {
			isa = PBXVariantGroup;
			children = (
				C2B21D2A281D8C8D00470BE5 /* Base */,
			);
			name = Main.storyboard;
			sourceTree = "<group>";
		};
		C2B21D2E281D8C8F00470BE5 /* LaunchScreen.storyboard */ = {
			isa = PBXVariantGroup;
			children = (
				C2B21D2F281D8C8F00470BE5 /* Base */,
			);
			name = LaunchScreen.storyboard;
			sourceTree = "<group>";
		};
/* End PBXVariantGroup section */

/* Begin XCBuildConfiguration section */
		C2B21D48281D8C9000470BE5 /* Debug */ = {
			isa = XCBuildConfiguration;
			buildSettings = {
				ALWAYS_SEARCH_USER_PATHS = NO;
				CLANG_ANALYZER_NONNULL = YES;
				CLANG_ANALYZER_NUMBER_OBJECT_CONVERSION = YES_AGGRESSIVE;
				CLANG_CXX_LANGUAGE_STANDARD = "gnu++17";
				CLANG_ENABLE_MODULES = YES;
				CLANG_ENABLE_OBJC_ARC = YES;
				CLANG_ENABLE_OBJC_WEAK = YES;
				CLANG_WARN_BLOCK_CAPTURE_AUTORELEASING = YES;
				CLANG_WARN_BOOL_CONVERSION = YES;
				CLANG_WARN_COMMA = YES;
				CLANG_WARN_CONSTANT_CONVERSION = YES;
				CLANG_WARN_DEPRECATED_OBJC_IMPLEMENTATIONS = YES;
				CLANG_WARN_DIRECT_OBJC_ISA_USAGE = YES_ERROR;
				CLANG_WARN_DOCUMENTATION_COMMENTS = YES;
				CLANG_WARN_EMPTY_BODY = YES;
				CLANG_WARN_ENUM_CONVERSION = YES;
				CLANG_WARN_INFINITE_RECURSION = YES;
				CLANG_WARN_INT_CONVERSION = YES;
				CLANG_WARN_NON_LITERAL_NULL_CONVERSION = YES;
				CLANG_WARN_OBJC_IMPLICIT_RETAIN_SELF = YES;
				CLANG_WARN_OBJC_LITERAL_CONVERSION = YES;
				CLANG_WARN_OBJC_ROOT_CLASS = YES_ERROR;
				CLANG_WARN_QUOTED_INCLUDE_IN_FRAMEWORK_HEADER = YES;
				CLANG_WARN_RANGE_LOOP_ANALYSIS = YES;
				CLANG_WARN_STRICT_PROTOTYPES = YES;
				CLANG_WARN_SUSPICIOUS_MOVE = YES;
				CLANG_WARN_UNGUARDED_AVAILABILITY = YES_AGGRESSIVE;
				CLANG_WARN_UNREACHABLE_CODE = YES;
				CLANG_WARN__DUPLICATE_METHOD_MATCH = YES;
				COPY_PHASE_STRIP = NO;
				DEBUG_INFORMATION_FORMAT = dwarf;
				ENABLE_STRICT_OBJC_MSGSEND = YES;
				ENABLE_TESTABILITY = YES;
				GCC_C_LANGUAGE_STANDARD = gnu11;
				GCC_DYNAMIC_NO_PIC = NO;
				GCC_NO_COMMON_BLOCKS = YES;
				GCC_OPTIMIZATION_LEVEL = 0;
				GCC_PREPROCESSOR_DEFINITIONS = (
					"DEBUG=1",
					"$(inherited)",
				);
				GCC_WARN_64_TO_32_BIT_CONVERSION = YES;
				GCC_WARN_ABOUT_RETURN_TYPE = YES_ERROR;
				GCC_WARN_UNDECLARED_SELECTOR = YES;
				GCC_WARN_UNINITIALIZED_AUTOS = YES_AGGRESSIVE;
				GCC_WARN_UNUSED_FUNCTION = YES;
				GCC_WARN_UNUSED_VARIABLE = YES;
				IPHONEOS_DEPLOYMENT_TARGET = 15.4;
				MTL_ENABLE_DEBUG_INFO = INCLUDE_SOURCE;
				MTL_FAST_MATH = YES;
				ONLY_ACTIVE_ARCH = YES;
				SDKROOT = iphoneos;
				SWIFT_ACTIVE_COMPILATION_CONDITIONS = DEBUG;
				SWIFT_OPTIMIZATION_LEVEL = "-Onone";
			};
			name = Debug;
		};
		C2B21D49281D8C9000470BE5 /* Release */ = {
			isa = XCBuildConfiguration;
			buildSettings = {
				ALWAYS_SEARCH_USER_PATHS = NO;
				CLANG_ANALYZER_NONNULL = YES;
				CLANG_ANALYZER_NUMBER_OBJECT_CONVERSION = YES_AGGRESSIVE;
				CLANG_CXX_LANGUAGE_STANDARD = "gnu++17";
				CLANG_ENABLE_MODULES = YES;
				CLANG_ENABLE_OBJC_ARC = YES;
				CLANG_ENABLE_OBJC_WEAK = YES;
				CLANG_WARN_BLOCK_CAPTURE_AUTORELEASING = YES;
				CLANG_WARN_BOOL_CONVERSION = YES;
				CLANG_WARN_COMMA = YES;
				CLANG_WARN_CONSTANT_CONVERSION = YES;
				CLANG_WARN_DEPRECATED_OBJC_IMPLEMENTATIONS = YES;
				CLANG_WARN_DIRECT_OBJC_ISA_USAGE = YES_ERROR;
				CLANG_WARN_DOCUMENTATION_COMMENTS = YES;
				CLANG_WARN_EMPTY_BODY = YES;
				CLANG_WARN_ENUM_CONVERSION = YES;
				CLANG_WARN_INFINITE_RECURSION = YES;
				CLANG_WARN_INT_CONVERSION = YES;
				CLANG_WARN_NON_LITERAL_NULL_CONVERSION = YES;
				CLANG_WARN_OBJC_IMPLICIT_RETAIN_SELF = YES;
				CLANG_WARN_OBJC_LITERAL_CONVERSION = YES;
				CLANG_WARN_OBJC_ROOT_CLASS = YES_ERROR;
				CLANG_WARN_QUOTED_INCLUDE_IN_FRAMEWORK_HEADER = YES;
				CLANG_WARN_RANGE_LOOP_ANALYSIS = YES;
				CLANG_WARN_STRICT_PROTOTYPES = YES;
				CLANG_WARN_SUSPICIOUS_MOVE = YES;
				CLANG_WARN_UNGUARDED_AVAILABILITY = YES_AGGRESSIVE;
				CLANG_WARN_UNREACHABLE_CODE = YES;
				CLANG_WARN__DUPLICATE_METHOD_MATCH = YES;
				COPY_PHASE_STRIP = NO;
				DEBUG_INFORMATION_FORMAT = "dwarf-with-dsym";
				ENABLE_NS_ASSERTIONS = NO;
				ENABLE_STRICT_OBJC_MSGSEND = YES;
				GCC_C_LANGUAGE_STANDARD = gnu11;
				GCC_NO_COMMON_BLOCKS = YES;
				GCC_WARN_64_TO_32_BIT_CONVERSION = YES;
				GCC_WARN_ABOUT_RETURN_TYPE = YES_ERROR;
				GCC_WARN_UNDECLARED_SELECTOR = YES;
				GCC_WARN_UNINITIALIZED_AUTOS = YES_AGGRESSIVE;
				GCC_WARN_UNUSED_FUNCTION = YES;
				GCC_WARN_UNUSED_VARIABLE = YES;
				IPHONEOS_DEPLOYMENT_TARGET = 15.4;
				MTL_ENABLE_DEBUG_INFO = NO;
				MTL_FAST_MATH = YES;
				SDKROOT = iphoneos;
				SWIFT_COMPILATION_MODE = wholemodule;
				SWIFT_OPTIMIZATION_LEVEL = "-O";
				VALIDATE_PRODUCT = YES;
			};
			name = Release;
		};
		C2B21D4B281D8C9000470BE5 /* Debug */ = {
			isa = XCBuildConfiguration;
			buildSettings = {
				ASSETCATALOG_COMPILER_APPICON_NAME = AppIcon;
				ASSETCATALOG_COMPILER_GLOBAL_ACCENT_COLOR_NAME = AccentColor;
				CODE_SIGN_STYLE = Automatic;
				CURRENT_PROJECT_VERSION = 1;
				DEVELOPMENT_TEAM = A6KWBG4VG5;
				GENERATE_INFOPLIST_FILE = YES;
				INFOPLIST_FILE = it17006408/Info.plist;
				INFOPLIST_KEY_CFBundleDisplayName = IT17006408;
				INFOPLIST_KEY_UIApplicationSupportsIndirectInputEvents = YES;
				INFOPLIST_KEY_UILaunchStoryboardName = LaunchScreen;
				INFOPLIST_KEY_UIMainStoryboardFile = Main;
				INFOPLIST_KEY_UISupportedInterfaceOrientations = UIInterfaceOrientationPortrait;
				INFOPLIST_KEY_UISupportedInterfaceOrientations_iPad = "UIInterfaceOrientationPortrait UIInterfaceOrientationPortraitUpsideDown UIInterfaceOrientationLandscapeLeft UIInterfaceOrientationLandscapeRight";
				INFOPLIST_KEY_UISupportedInterfaceOrientations_iPhone = "UIInterfaceOrientationPortrait UIInterfaceOrientationLandscapeLeft UIInterfaceOrientationLandscapeRight";
				IPHONEOS_DEPLOYMENT_TARGET = 15.3;
				LD_RUNPATH_SEARCH_PATHS = (
					"$(inherited)",
					"@executable_path/Frameworks",
				);
				MARKETING_VERSION = 1.0;
				PRODUCT_BUNDLE_IDENTIFIER = assignment3.it17006408;
				PRODUCT_NAME = "$(TARGET_NAME)";
				SWIFT_EMIT_LOC_STRINGS = YES;
				SWIFT_VERSION = 5.0;
				TARGETED_DEVICE_FAMILY = "1,2";
			};
			name = Debug;
		};
		C2B21D4C281D8C9000470BE5 /* Release */ = {
			isa = XCBuildConfiguration;
			buildSettings = {
				ASSETCATALOG_COMPILER_APPICON_NAME = AppIcon;
				ASSETCATALOG_COMPILER_GLOBAL_ACCENT_COLOR_NAME = AccentColor;
				CODE_SIGN_STYLE = Automatic;
				CURRENT_PROJECT_VERSION = 1;
				DEVELOPMENT_TEAM = A6KWBG4VG5;
				GENERATE_INFOPLIST_FILE = YES;
				INFOPLIST_FILE = it17006408/Info.plist;
				INFOPLIST_KEY_CFBundleDisplayName = IT17006408;
				INFOPLIST_KEY_UIApplicationSupportsIndirectInputEvents = YES;
				INFOPLIST_KEY_UILaunchStoryboardName = LaunchScreen;
				INFOPLIST_KEY_UIMainStoryboardFile = Main;
				INFOPLIST_KEY_UISupportedInterfaceOrientations = UIInterfaceOrientationPortrait;
				INFOPLIST_KEY_UISupportedInterfaceOrientations_iPad = "UIInterfaceOrientationPortrait UIInterfaceOrientationPortraitUpsideDown UIInterfaceOrientationLandscapeLeft UIInterfaceOrientationLandscapeRight";
				INFOPLIST_KEY_UISupportedInterfaceOrientations_iPhone = "UIInterfaceOrientationPortrait UIInterfaceOrientationLandscapeLeft UIInterfaceOrientationLandscapeRight";
				IPHONEOS_DEPLOYMENT_TARGET = 15.3;
				LD_RUNPATH_SEARCH_PATHS = (
					"$(inherited)",
					"@executable_path/Frameworks",
				);
				MARKETING_VERSION = 1.0;
				PRODUCT_BUNDLE_IDENTIFIER = assignment3.it17006408;
				PRODUCT_NAME = "$(TARGET_NAME)";
				SWIFT_EMIT_LOC_STRINGS = YES;
				SWIFT_VERSION = 5.0;
				TARGETED_DEVICE_FAMILY = "1,2";
			};
			name = Release;
		};
		C2B21D4E281D8C9000470BE5 /* Debug */ = {
			isa = XCBuildConfiguration;
			buildSettings = {
				ALWAYS_EMBED_SWIFT_STANDARD_LIBRARIES = YES;
				BUNDLE_LOADER = "$(TEST_HOST)";
				CODE_SIGN_STYLE = Automatic;
				CURRENT_PROJECT_VERSION = 1;
				GENERATE_INFOPLIST_FILE = YES;
				IPHONEOS_DEPLOYMENT_TARGET = 15.4;
				MARKETING_VERSION = 1.0;
				PRODUCT_BUNDLE_IDENTIFIER = assignment3.it17006408Tests;
				PRODUCT_NAME = "$(TARGET_NAME)";
				SWIFT_EMIT_LOC_STRINGS = NO;
				SWIFT_VERSION = 5.0;
				TARGETED_DEVICE_FAMILY = "1,2";
				TEST_HOST = "$(BUILT_PRODUCTS_DIR)/it17006408.app/it17006408";
			};
			name = Debug;
		};
		C2B21D4F281D8C9000470BE5 /* Release */ = {
			isa = XCBuildConfiguration;
			buildSettings = {
				ALWAYS_EMBED_SWIFT_STANDARD_LIBRARIES = YES;
				BUNDLE_LOADER = "$(TEST_HOST)";
				CODE_SIGN_STYLE = Automatic;
				CURRENT_PROJECT_VERSION = 1;
				GENERATE_INFOPLIST_FILE = YES;
				IPHONEOS_DEPLOYMENT_TARGET = 15.4;
				MARKETING_VERSION = 1.0;
				PRODUCT_BUNDLE_IDENTIFIER = assignment3.it17006408Tests;
				PRODUCT_NAME = "$(TARGET_NAME)";
				SWIFT_EMIT_LOC_STRINGS = NO;
				SWIFT_VERSION = 5.0;
				TARGETED_DEVICE_FAMILY = "1,2";
				TEST_HOST = "$(BUILT_PRODUCTS_DIR)/it17006408.app/it17006408";
			};
			name = Release;
		};
		C2B21D51281D8C9000470BE5 /* Debug */ = {
			isa = XCBuildConfiguration;
			buildSettings = {
				ALWAYS_EMBED_SWIFT_STANDARD_LIBRARIES = YES;
				CODE_SIGN_STYLE = Automatic;
				CURRENT_PROJECT_VERSION = 1;
				GENERATE_INFOPLIST_FILE = YES;
				MARKETING_VERSION = 1.0;
				PRODUCT_BUNDLE_IDENTIFIER = assignment3.it17006408UITests;
				PRODUCT_NAME = "$(TARGET_NAME)";
				SWIFT_EMIT_LOC_STRINGS = NO;
				SWIFT_VERSION = 5.0;
				TARGETED_DEVICE_FAMILY = "1,2";
				TEST_TARGET_NAME = it17006408;
			};
			name = Debug;
		};
		C2B21D52281D8C9000470BE5 /* Release */ = {
			isa = XCBuildConfiguration;
			buildSettings = {
				ALWAYS_EMBED_SWIFT_STANDARD_LIBRARIES = YES;
				CODE_SIGN_STYLE = Automatic;
				CURRENT_PROJECT_VERSION = 1;
				GENERATE_INFOPLIST_FILE = YES;
				MARKETING_VERSION = 1.0;
				PRODUCT_BUNDLE_IDENTIFIER = assignment3.it17006408UITests;
				PRODUCT_NAME = "$(TARGET_NAME)";
				SWIFT_EMIT_LOC_STRINGS = NO;
				SWIFT_VERSION = 5.0;
				TARGETED_DEVICE_FAMILY = "1,2";
				TEST_TARGET_NAME = it17006408;
			};
			name = Release;
		};
/* End XCBuildConfiguration section */

/* Begin XCConfigurationList section */
		C2B21D1B281D8C8D00470BE5 /* Build configuration list for PBXProject "it17006408" */ = {
			isa = XCConfigurationList;
			buildConfigurations = (
				C2B21D48281D8C9000470BE5 /* Debug */,
				C2B21D49281D8C9000470BE5 /* Release */,
			);
			defaultConfigurationIsVisible = 0;
			defaultConfigurationName = Release;
		};
		C2B21D4A281D8C9000470BE5 /* Build configuration list for PBXNativeTarget "it17006408" */ = {
			isa = XCConfigurationList;
			buildConfigurations = (
				C2B21D4B281D8C9000470BE5 /* Debug */,
				C2B21D4C281D8C9000470BE5 /* Release */,
			);
			defaultConfigurationIsVisible = 0;
			defaultConfigurationName = Release;
		};
		C2B21D4D281D8C9000470BE5 /* Build configuration list for PBXNativeTarget "it17006408Tests" */ = {
			isa = XCConfigurationList;
			buildConfigurations = (
				C2B21D4E281D8C9000470BE5 /* Debug */,
				C2B21D4F281D8C9000470BE5 /* Release */,
			);
			defaultConfigurationIsVisible = 0;
			defaultConfigurationName = Release;
		};
		C2B21D50281D8C9000470BE5 /* Build configuration list for PBXNativeTarget "it17006408UITests" */ = {
			isa = XCConfigurationList;
			buildConfigurations = (
				C2B21D51281D8C9000470BE5 /* Debug */,
				C2B21D52281D8C9000470BE5 /* Release */,
			);
			defaultConfigurationIsVisible = 0;
			defaultConfigurationName = Release;
		};
/* End XCConfigurationList section */
	};
	rootObject = C2B21D18281D8C8D00470BE5 /* Project object */;
}
